
Microsoft Visual Studio Solution File, Format Version 12.00
# Visual Studio Version 17
VisualStudioVersion = 17.2.32526.322
MinimumVisualStudioVersion = 10.0.40219.1
Project("{8BC9CEB8-8B4A-11D0-8D11-00A0C91BC942}") = "HelloGit", "HelloGit\HelloGit.vcxproj", "{63357D76-2C27-41C0-95F4-81F4E24CE6B9}"
EndProject
Project("{8BC9CEB8-8B4A-11D0-8D11-00A0C91BC942}") = "AA1_1", "AA1_1\AA1_1.vcxproj", "{0F464998-2C30-4F7A-83BC-2A84B2799B99}"
EndProject
Project("{8BC9CEB8-8B4A-11D0-8D11-00A0C91BC942}") = "S1_S2_STL_vector", "S1_STL_vector\S1_STL_vector.vcxproj", "{981E8CFF-944B-4FED-B9E1-800D99EAFABE}"
EndProject
Project("{8BC9CEB8-8B4A-11D0-8D11-00A0C91BC942}") = "S2_STL_vector_exercise", "S2_STL_vector_exercise\S2_STL_vector_exercise.vcxproj", "{BC496629-8879-4208-BD4D-04A402C35157}"
EndProject
Project("{8BC9CEB8-8B4A-11D0-8D11-00A0C91BC942}") = "S3_review", "S3_\S3_.vcxproj", "{7BD97747-AAE9-4104-ABD5-F95675E98BC7}"
EndProject
Project("{8BC9CEB8-8B4A-11D0-8D11-00A0C91BC942}") = "AA1_03_AGameBoard", "AA1_03_AGameBoard\AA1_03_AGameBoard.vcxproj", "{CEBCFDA5-4DE2-4B93-9D56-813FCF8FB130}"
EndProject
Project("{8BC9CEB8-8B4A-11D0-8D11-00A0C91BC942}") = "S4_sortTypes", "S4_Sort\S4_sort.vcxproj", "{8353BD43-082A-4A20-B3FF-6DAF412A80B6}"
EndProject
Project("{8BC9CEB8-8B4A-11D0-8D11-00A0C91BC942}") = "S5_MergeQuickHeapSort", "S5_mergeSort\S5_mergeSort.vcxproj", "{3627352A-5448-42B8-A1B2-BB248E4CB927}"
EndProject
Project("{8BC9CEB8-8B4A-11D0-8D11-00A0C91BC942}") = "S6_EnumClass", "S6_EnumClass\S6_EnumClass.vcxproj", "{64F7BA84-C01E-4E95-8D32-D2D7DA06CB48}"
EndProject
Project("{8BC9CEB8-8B4A-11D0-8D11-00A0C91BC942}") = "S7_DynamicArrayAndConst", "S7_heap\S7_heap.vcxproj", "{D1243727-BE26-47A0-8783-5BBD2E311272}"
EndProject
Project("{8BC9CEB8-8B4A-11D0-8D11-00A0C91BC942}") = "S8_defineVsConstAndCasting", "S8_defineVsConst\S8_defineVsConst.vcxproj", "{D9265991-D7C4-4349-A6BF-E2586F211B75}"
EndProject
Project("{8BC9CEB8-8B4A-11D0-8D11-00A0C91BC942}") = "S9_objectOrientedProgramming", "S9_objectOrientedProgramming\S9_objectOrientedProgramming.vcxproj", "{2FA3740F-E636-46D9-B9F2-8CB3F620F73E}"
EndProject
Project("{8BC9CEB8-8B4A-11D0-8D11-00A0C91BC942}") = "AA1_04_GameLoop", "AA1_04_GameLoop\AA1_04_GameLoop.vcxproj", "{8451343E-C640-4346-8B13-03A343B42A48}"
EndProject
Project("{8BC9CEB8-8B4A-11D0-8D11-00A0C91BC942}") = "S10_CRUD_Opereations_STL_Vector", "S10_CRUDOpereations\S10_CRUDOpereations.vcxproj", "{C0D5A6E7-204C-4634-99FE-2BB7FD5948B9}"
EndProject
Project("{8BC9CEB8-8B4A-11D0-8D11-00A0C91BC942}") = "Game", "Game\Game.vcxproj", "{3CE9FC3D-384D-467A-B9C5-706658DED1E0}"
EndProject
Project("{8BC9CEB8-8B4A-11D0-8D11-00A0C91BC942}") = "AA1_05_AShotBallsGame", "AA1_05_AShotBallsGame\AA1_05_AShotBallsGame.vcxproj", "{C32DEDE4-B81D-46C1-94CB-F548A5A86B6B}"
EndProject
Project("{8BC9CEB8-8B4A-11D0-8D11-00A0C91BC942}") = "AA1_06_ZumitaRefactoring", "AA1_06_ZumitaRefactoring\AA1_06_ZumitaRefactoring.vcxproj", "{14B95C98-6978-4556-B204-910E265AE4FE}"
EndProject
Project("{8BC9CEB8-8B4A-11D0-8D11-00A0C91BC942}") = "S11_FriendClasses_ DestructorReview", "S11_FriendClasses\S11_FriendClasses.vcxproj", "{B74B7141-8401-46FC-9644-BE7BED208FE6}"
EndProject
Project("{8BC9CEB8-8B4A-11D0-8D11-00A0C91BC942}") = "Queues", "Queues\Queues.vcxproj", "{F99B9E64-F4AF-4E3B-B801-0D22F9BD664D}"
EndProject
Project("{8BC9CEB8-8B4A-11D0-8D11-00A0C91BC942}") = "SortC", "SortC\SortC.vcxproj", "{9FFDE18A-59CA-47C6-B20D-DDB89B748652}"
EndProject
Project("{8BC9CEB8-8B4A-11D0-8D11-00A0C91BC942}") = "AA1_07_AnAlmostCardGame", "AA1_07_AnAlmostCardGame\AA1_07_AnAlmostCardGame.vcxproj", "{ABA548B1-DCE2-44F2-A2D3-6EB0181C97F7}"
EndProject
Project("{8BC9CEB8-8B4A-11D0-8D11-00A0C91BC942}") = "List", "List\List.vcxproj", "{A1D29828-0ED4-4227-8FB3-C0A2001A4D4B}"
EndProject
Project("{8BC9CEB8-8B4A-11D0-8D11-00A0C91BC942}") = "Templates static", "Templates\Templates.vcxproj", "{C3999D9B-73BB-4AAF-BE2F-E6AD5D6B1628}"
EndProject
Project("{8BC9CEB8-8B4A-11D0-8D11-00A0C91BC942}") = "Set", "Set\Set.vcxproj", "{000E0042-0131-4023-B2D8-87AA59C463CE}"
EndProject
Project("{8BC9CEB8-8B4A-11D0-8D11-00A0C91BC942}") = "Map_Exercises", "Exercises\Exercises.vcxproj", "{B1D17791-CFC4-40ED-B175-7C84AEA83A7C}"
EndProject
Project("{8BC9CEB8-8B4A-11D0-8D11-00A0C91BC942}") = "Cost", "Cost\Cost.vcxproj", "{3260F928-98ED-4D32-A7A8-43F240561301}"
EndProject
Global
	GlobalSection(SolutionConfigurationPlatforms) = preSolution
		Debug|x64 = Debug|x64
		Debug|x86 = Debug|x86
		Release|x64 = Release|x64
		Release|x86 = Release|x86
	EndGlobalSection
	GlobalSection(ProjectConfigurationPlatforms) = postSolution
		{63357D76-2C27-41C0-95F4-81F4E24CE6B9}.Debug|x64.ActiveCfg = Debug|x64
		{63357D76-2C27-41C0-95F4-81F4E24CE6B9}.Debug|x64.Build.0 = Debug|x64
		{63357D76-2C27-41C0-95F4-81F4E24CE6B9}.Debug|x86.ActiveCfg = Debug|Win32
		{63357D76-2C27-41C0-95F4-81F4E24CE6B9}.Debug|x86.Build.0 = Debug|Win32
		{63357D76-2C27-41C0-95F4-81F4E24CE6B9}.Release|x64.ActiveCfg = Release|x64
		{63357D76-2C27-41C0-95F4-81F4E24CE6B9}.Release|x64.Build.0 = Release|x64
		{63357D76-2C27-41C0-95F4-81F4E24CE6B9}.Release|x86.ActiveCfg = Release|Win32
		{63357D76-2C27-41C0-95F4-81F4E24CE6B9}.Release|x86.Build.0 = Release|Win32
		{0F464998-2C30-4F7A-83BC-2A84B2799B99}.Debug|x64.ActiveCfg = Debug|x64
		{0F464998-2C30-4F7A-83BC-2A84B2799B99}.Debug|x64.Build.0 = Debug|x64
		{0F464998-2C30-4F7A-83BC-2A84B2799B99}.Debug|x86.ActiveCfg = Debug|Win32
		{0F464998-2C30-4F7A-83BC-2A84B2799B99}.Debug|x86.Build.0 = Debug|Win32
		{0F464998-2C30-4F7A-83BC-2A84B2799B99}.Release|x64.ActiveCfg = Release|x64
		{0F464998-2C30-4F7A-83BC-2A84B2799B99}.Release|x64.Build.0 = Release|x64
		{0F464998-2C30-4F7A-83BC-2A84B2799B99}.Release|x86.ActiveCfg = Release|Win32
		{0F464998-2C30-4F7A-83BC-2A84B2799B99}.Release|x86.Build.0 = Release|Win32
		{981E8CFF-944B-4FED-B9E1-800D99EAFABE}.Debug|x64.ActiveCfg = Debug|x64
		{981E8CFF-944B-4FED-B9E1-800D99EAFABE}.Debug|x64.Build.0 = Debug|x64
		{981E8CFF-944B-4FED-B9E1-800D99EAFABE}.Debug|x86.ActiveCfg = Debug|Win32
		{981E8CFF-944B-4FED-B9E1-800D99EAFABE}.Debug|x86.Build.0 = Debug|Win32
		{981E8CFF-944B-4FED-B9E1-800D99EAFABE}.Release|x64.ActiveCfg = Release|x64
		{981E8CFF-944B-4FED-B9E1-800D99EAFABE}.Release|x64.Build.0 = Release|x64
		{981E8CFF-944B-4FED-B9E1-800D99EAFABE}.Release|x86.ActiveCfg = Release|Win32
		{981E8CFF-944B-4FED-B9E1-800D99EAFABE}.Release|x86.Build.0 = Release|Win32
		{BC496629-8879-4208-BD4D-04A402C35157}.Debug|x64.ActiveCfg = Debug|x64
		{BC496629-8879-4208-BD4D-04A402C35157}.Debug|x64.Build.0 = Debug|x64
		{BC496629-8879-4208-BD4D-04A402C35157}.Debug|x86.ActiveCfg = Debug|Win32
		{BC496629-8879-4208-BD4D-04A402C35157}.Debug|x86.Build.0 = Debug|Win32
		{BC496629-8879-4208-BD4D-04A402C35157}.Release|x64.ActiveCfg = Release|x64
		{BC496629-8879-4208-BD4D-04A402C35157}.Release|x64.Build.0 = Release|x64
		{BC496629-8879-4208-BD4D-04A402C35157}.Release|x86.ActiveCfg = Release|Win32
		{BC496629-8879-4208-BD4D-04A402C35157}.Release|x86.Build.0 = Release|Win32
		{7BD97747-AAE9-4104-ABD5-F95675E98BC7}.Debug|x64.ActiveCfg = Debug|x64
		{7BD97747-AAE9-4104-ABD5-F95675E98BC7}.Debug|x64.Build.0 = Debug|x64
		{7BD97747-AAE9-4104-ABD5-F95675E98BC7}.Debug|x86.ActiveCfg = Debug|Win32
		{7BD97747-AAE9-4104-ABD5-F95675E98BC7}.Debug|x86.Build.0 = Debug|Win32
		{7BD97747-AAE9-4104-ABD5-F95675E98BC7}.Release|x64.ActiveCfg = Release|x64
		{7BD97747-AAE9-4104-ABD5-F95675E98BC7}.Release|x64.Build.0 = Release|x64
		{7BD97747-AAE9-4104-ABD5-F95675E98BC7}.Release|x86.ActiveCfg = Release|Win32
		{7BD97747-AAE9-4104-ABD5-F95675E98BC7}.Release|x86.Build.0 = Release|Win32
		{CEBCFDA5-4DE2-4B93-9D56-813FCF8FB130}.Debug|x64.ActiveCfg = Debug|x64
		{CEBCFDA5-4DE2-4B93-9D56-813FCF8FB130}.Debug|x64.Build.0 = Debug|x64
		{CEBCFDA5-4DE2-4B93-9D56-813FCF8FB130}.Debug|x86.ActiveCfg = Debug|Win32
		{CEBCFDA5-4DE2-4B93-9D56-813FCF8FB130}.Debug|x86.Build.0 = Debug|Win32
		{CEBCFDA5-4DE2-4B93-9D56-813FCF8FB130}.Release|x64.ActiveCfg = Release|x64
		{CEBCFDA5-4DE2-4B93-9D56-813FCF8FB130}.Release|x64.Build.0 = Release|x64
		{CEBCFDA5-4DE2-4B93-9D56-813FCF8FB130}.Release|x86.ActiveCfg = Release|Win32
		{CEBCFDA5-4DE2-4B93-9D56-813FCF8FB130}.Release|x86.Build.0 = Release|Win32
		{8353BD43-082A-4A20-B3FF-6DAF412A80B6}.Debug|x64.ActiveCfg = Debug|x64
		{8353BD43-082A-4A20-B3FF-6DAF412A80B6}.Debug|x64.Build.0 = Debug|x64
		{8353BD43-082A-4A20-B3FF-6DAF412A80B6}.Debug|x86.ActiveCfg = Debug|Win32
		{8353BD43-082A-4A20-B3FF-6DAF412A80B6}.Debug|x86.Build.0 = Debug|Win32
		{8353BD43-082A-4A20-B3FF-6DAF412A80B6}.Release|x64.ActiveCfg = Release|x64
		{8353BD43-082A-4A20-B3FF-6DAF412A80B6}.Release|x64.Build.0 = Release|x64
		{8353BD43-082A-4A20-B3FF-6DAF412A80B6}.Release|x86.ActiveCfg = Release|Win32
		{8353BD43-082A-4A20-B3FF-6DAF412A80B6}.Release|x86.Build.0 = Release|Win32
		{3627352A-5448-42B8-A1B2-BB248E4CB927}.Debug|x64.ActiveCfg = Debug|x64
		{3627352A-5448-42B8-A1B2-BB248E4CB927}.Debug|x64.Build.0 = Debug|x64
		{3627352A-5448-42B8-A1B2-BB248E4CB927}.Debug|x86.ActiveCfg = Debug|Win32
		{3627352A-5448-42B8-A1B2-BB248E4CB927}.Debug|x86.Build.0 = Debug|Win32
		{3627352A-5448-42B8-A1B2-BB248E4CB927}.Release|x64.ActiveCfg = Release|x64
		{3627352A-5448-42B8-A1B2-BB248E4CB927}.Release|x64.Build.0 = Release|x64
		{3627352A-5448-42B8-A1B2-BB248E4CB927}.Release|x86.ActiveCfg = Release|Win32
		{3627352A-5448-42B8-A1B2-BB248E4CB927}.Release|x86.Build.0 = Release|Win32
		{64F7BA84-C01E-4E95-8D32-D2D7DA06CB48}.Debug|x64.ActiveCfg = Debug|x64
		{64F7BA84-C01E-4E95-8D32-D2D7DA06CB48}.Debug|x64.Build.0 = Debug|x64
		{64F7BA84-C01E-4E95-8D32-D2D7DA06CB48}.Debug|x86.ActiveCfg = Debug|Win32
		{64F7BA84-C01E-4E95-8D32-D2D7DA06CB48}.Debug|x86.Build.0 = Debug|Win32
		{64F7BA84-C01E-4E95-8D32-D2D7DA06CB48}.Release|x64.ActiveCfg = Release|x64
		{64F7BA84-C01E-4E95-8D32-D2D7DA06CB48}.Release|x64.Build.0 = Release|x64
		{64F7BA84-C01E-4E95-8D32-D2D7DA06CB48}.Release|x86.ActiveCfg = Release|Win32
		{64F7BA84-C01E-4E95-8D32-D2D7DA06CB48}.Release|x86.Build.0 = Release|Win32
		{D1243727-BE26-47A0-8783-5BBD2E311272}.Debug|x64.ActiveCfg = Debug|x64
		{D1243727-BE26-47A0-8783-5BBD2E311272}.Debug|x64.Build.0 = Debug|x64
		{D1243727-BE26-47A0-8783-5BBD2E311272}.Debug|x86.ActiveCfg = Debug|Win32
		{D1243727-BE26-47A0-8783-5BBD2E311272}.Debug|x86.Build.0 = Debug|Win32
		{D1243727-BE26-47A0-8783-5BBD2E311272}.Release|x64.ActiveCfg = Release|x64
		{D1243727-BE26-47A0-8783-5BBD2E311272}.Release|x64.Build.0 = Release|x64
		{D1243727-BE26-47A0-8783-5BBD2E311272}.Release|x86.ActiveCfg = Release|Win32
		{D1243727-BE26-47A0-8783-5BBD2E311272}.Release|x86.Build.0 = Release|Win32
		{D9265991-D7C4-4349-A6BF-E2586F211B75}.Debug|x64.ActiveCfg = Debug|x64
		{D9265991-D7C4-4349-A6BF-E2586F211B75}.Debug|x64.Build.0 = Debug|x64
		{D9265991-D7C4-4349-A6BF-E2586F211B75}.Debug|x86.ActiveCfg = Debug|Win32
		{D9265991-D7C4-4349-A6BF-E2586F211B75}.Debug|x86.Build.0 = Debug|Win32
		{D9265991-D7C4-4349-A6BF-E2586F211B75}.Release|x64.ActiveCfg = Release|x64
		{D9265991-D7C4-4349-A6BF-E2586F211B75}.Release|x64.Build.0 = Release|x64
		{D9265991-D7C4-4349-A6BF-E2586F211B75}.Release|x86.ActiveCfg = Release|Win32
		{D9265991-D7C4-4349-A6BF-E2586F211B75}.Release|x86.Build.0 = Release|Win32
		{2FA3740F-E636-46D9-B9F2-8CB3F620F73E}.Debug|x64.ActiveCfg = Debug|x64
		{2FA3740F-E636-46D9-B9F2-8CB3F620F73E}.Debug|x64.Build.0 = Debug|x64
		{2FA3740F-E636-46D9-B9F2-8CB3F620F73E}.Debug|x86.ActiveCfg = Debug|Win32
		{2FA3740F-E636-46D9-B9F2-8CB3F620F73E}.Debug|x86.Build.0 = Debug|Win32
		{2FA3740F-E636-46D9-B9F2-8CB3F620F73E}.Release|x64.ActiveCfg = Release|x64
		{2FA3740F-E636-46D9-B9F2-8CB3F620F73E}.Release|x64.Build.0 = Release|x64
		{2FA3740F-E636-46D9-B9F2-8CB3F620F73E}.Release|x86.ActiveCfg = Release|Win32
		{2FA3740F-E636-46D9-B9F2-8CB3F620F73E}.Release|x86.Build.0 = Release|Win32
		{8451343E-C640-4346-8B13-03A343B42A48}.Debug|x64.ActiveCfg = Debug|x64
		{8451343E-C640-4346-8B13-03A343B42A48}.Debug|x64.Build.0 = Debug|x64
		{8451343E-C640-4346-8B13-03A343B42A48}.Debug|x86.ActiveCfg = Debug|Win32
		{8451343E-C640-4346-8B13-03A343B42A48}.Debug|x86.Build.0 = Debug|Win32
		{8451343E-C640-4346-8B13-03A343B42A48}.Release|x64.ActiveCfg = Release|x64
		{8451343E-C640-4346-8B13-03A343B42A48}.Release|x64.Build.0 = Release|x64
		{8451343E-C640-4346-8B13-03A343B42A48}.Release|x86.ActiveCfg = Release|Win32
		{8451343E-C640-4346-8B13-03A343B42A48}.Release|x86.Build.0 = Release|Win32
		{C0D5A6E7-204C-4634-99FE-2BB7FD5948B9}.Debug|x64.ActiveCfg = Debug|x64
		{C0D5A6E7-204C-4634-99FE-2BB7FD5948B9}.Debug|x64.Build.0 = Debug|x64
		{C0D5A6E7-204C-4634-99FE-2BB7FD5948B9}.Debug|x86.ActiveCfg = Debug|Win32
		{C0D5A6E7-204C-4634-99FE-2BB7FD5948B9}.Debug|x86.Build.0 = Debug|Win32
		{C0D5A6E7-204C-4634-99FE-2BB7FD5948B9}.Release|x64.ActiveCfg = Release|x64
		{C0D5A6E7-204C-4634-99FE-2BB7FD5948B9}.Release|x64.Build.0 = Release|x64
		{C0D5A6E7-204C-4634-99FE-2BB7FD5948B9}.Release|x86.ActiveCfg = Release|Win32
		{C0D5A6E7-204C-4634-99FE-2BB7FD5948B9}.Release|x86.Build.0 = Release|Win32
		{3CE9FC3D-384D-467A-B9C5-706658DED1E0}.Debug|x64.ActiveCfg = Debug|x64
		{3CE9FC3D-384D-467A-B9C5-706658DED1E0}.Debug|x64.Build.0 = Debug|x64
		{3CE9FC3D-384D-467A-B9C5-706658DED1E0}.Debug|x86.ActiveCfg = Debug|Win32
		{3CE9FC3D-384D-467A-B9C5-706658DED1E0}.Debug|x86.Build.0 = Debug|Win32
		{3CE9FC3D-384D-467A-B9C5-706658DED1E0}.Release|x64.ActiveCfg = Release|x64
		{3CE9FC3D-384D-467A-B9C5-706658DED1E0}.Release|x64.Build.0 = Release|x64
		{3CE9FC3D-384D-467A-B9C5-706658DED1E0}.Release|x86.ActiveCfg = Release|Win32
		{3CE9FC3D-384D-467A-B9C5-706658DED1E0}.Release|x86.Build.0 = Release|Win32
		{C32DEDE4-B81D-46C1-94CB-F548A5A86B6B}.Debug|x64.ActiveCfg = Debug|x64
		{C32DEDE4-B81D-46C1-94CB-F548A5A86B6B}.Debug|x64.Build.0 = Debug|x64
		{C32DEDE4-B81D-46C1-94CB-F548A5A86B6B}.Debug|x86.ActiveCfg = Debug|Win32
		{C32DEDE4-B81D-46C1-94CB-F548A5A86B6B}.Debug|x86.Build.0 = Debug|Win32
		{C32DEDE4-B81D-46C1-94CB-F548A5A86B6B}.Release|x64.ActiveCfg = Release|x64
		{C32DEDE4-B81D-46C1-94CB-F548A5A86B6B}.Release|x64.Build.0 = Release|x64
		{C32DEDE4-B81D-46C1-94CB-F548A5A86B6B}.Release|x86.ActiveCfg = Release|Win32
		{C32DEDE4-B81D-46C1-94CB-F548A5A86B6B}.Release|x86.Build.0 = Release|Win32
		{14B95C98-6978-4556-B204-910E265AE4FE}.Debug|x64.ActiveCfg = Debug|x64
		{14B95C98-6978-4556-B204-910E265AE4FE}.Debug|x64.Build.0 = Debug|x64
		{14B95C98-6978-4556-B204-910E265AE4FE}.Debug|x86.ActiveCfg = Debug|Win32
		{14B95C98-6978-4556-B204-910E265AE4FE}.Debug|x86.Build.0 = Debug|Win32
		{14B95C98-6978-4556-B204-910E265AE4FE}.Release|x64.ActiveCfg = Release|x64
		{14B95C98-6978-4556-B204-910E265AE4FE}.Release|x64.Build.0 = Release|x64
		{14B95C98-6978-4556-B204-910E265AE4FE}.Release|x86.ActiveCfg = Release|Win32
		{14B95C98-6978-4556-B204-910E265AE4FE}.Release|x86.Build.0 = Release|Win32
		{B74B7141-8401-46FC-9644-BE7BED208FE6}.Debug|x64.ActiveCfg = Debug|x64
		{B74B7141-8401-46FC-9644-BE7BED208FE6}.Debug|x64.Build.0 = Debug|x64
		{B74B7141-8401-46FC-9644-BE7BED208FE6}.Debug|x86.ActiveCfg = Debug|Win32
		{B74B7141-8401-46FC-9644-BE7BED208FE6}.Debug|x86.Build.0 = Debug|Win32
		{B74B7141-8401-46FC-9644-BE7BED208FE6}.Release|x64.ActiveCfg = Release|x64
		{B74B7141-8401-46FC-9644-BE7BED208FE6}.Release|x64.Build.0 = Release|x64
		{B74B7141-8401-46FC-9644-BE7BED208FE6}.Release|x86.ActiveCfg = Release|Win32
		{B74B7141-8401-46FC-9644-BE7BED208FE6}.Release|x86.Build.0 = Release|Win32
		{F99B9E64-F4AF-4E3B-B801-0D22F9BD664D}.Debug|x64.ActiveCfg = Debug|x64
		{F99B9E64-F4AF-4E3B-B801-0D22F9BD664D}.Debug|x64.Build.0 = Debug|x64
		{F99B9E64-F4AF-4E3B-B801-0D22F9BD664D}.Debug|x86.ActiveCfg = Debug|Win32
		{F99B9E64-F4AF-4E3B-B801-0D22F9BD664D}.Debug|x86.Build.0 = Debug|Win32
		{F99B9E64-F4AF-4E3B-B801-0D22F9BD664D}.Release|x64.ActiveCfg = Release|x64
		{F99B9E64-F4AF-4E3B-B801-0D22F9BD664D}.Release|x64.Build.0 = Release|x64
		{F99B9E64-F4AF-4E3B-B801-0D22F9BD664D}.Release|x86.ActiveCfg = Release|Win32
		{F99B9E64-F4AF-4E3B-B801-0D22F9BD664D}.Release|x86.Build.0 = Release|Win32
		{9FFDE18A-59CA-47C6-B20D-DDB89B748652}.Debug|x64.ActiveCfg = Debug|x64
		{9FFDE18A-59CA-47C6-B20D-DDB89B748652}.Debug|x64.Build.0 = Debug|x64
		{9FFDE18A-59CA-47C6-B20D-DDB89B748652}.Debug|x86.ActiveCfg = Debug|Win32
		{9FFDE18A-59CA-47C6-B20D-DDB89B748652}.Debug|x86.Build.0 = Debug|Win32
		{9FFDE18A-59CA-47C6-B20D-DDB89B748652}.Release|x64.ActiveCfg = Release|x64
		{9FFDE18A-59CA-47C6-B20D-DDB89B748652}.Release|x64.Build.0 = Release|x64
		{9FFDE18A-59CA-47C6-B20D-DDB89B748652}.Release|x86.ActiveCfg = Release|Win32
		{9FFDE18A-59CA-47C6-B20D-DDB89B748652}.Release|x86.Build.0 = Release|Win32
		{ABA548B1-DCE2-44F2-A2D3-6EB0181C97F7}.Debug|x64.ActiveCfg = Debug|x64
		{ABA548B1-DCE2-44F2-A2D3-6EB0181C97F7}.Debug|x64.Build.0 = Debug|x64
		{ABA548B1-DCE2-44F2-A2D3-6EB0181C97F7}.Debug|x86.ActiveCfg = Debug|Win32
		{ABA548B1-DCE2-44F2-A2D3-6EB0181C97F7}.Debug|x86.Build.0 = Debug|Win32
		{ABA548B1-DCE2-44F2-A2D3-6EB0181C97F7}.Release|x64.ActiveCfg = Release|x64
		{ABA548B1-DCE2-44F2-A2D3-6EB0181C97F7}.Release|x64.Build.0 = Release|x64
		{ABA548B1-DCE2-44F2-A2D3-6EB0181C97F7}.Release|x86.ActiveCfg = Release|Win32
		{ABA548B1-DCE2-44F2-A2D3-6EB0181C97F7}.Release|x86.Build.0 = Release|Win32
		{A1D29828-0ED4-4227-8FB3-C0A2001A4D4B}.Debug|x64.ActiveCfg = Debug|x64
		{A1D29828-0ED4-4227-8FB3-C0A2001A4D4B}.Debug|x64.Build.0 = Debug|x64
		{A1D29828-0ED4-4227-8FB3-C0A2001A4D4B}.Debug|x86.ActiveCfg = Debug|Win32
		{A1D29828-0ED4-4227-8FB3-C0A2001A4D4B}.Debug|x86.Build.0 = Debug|Win32
		{A1D29828-0ED4-4227-8FB3-C0A2001A4D4B}.Release|x64.ActiveCfg = Release|x64
		{A1D29828-0ED4-4227-8FB3-C0A2001A4D4B}.Release|x64.Build.0 = Release|x64
		{A1D29828-0ED4-4227-8FB3-C0A2001A4D4B}.Release|x86.ActiveCfg = Release|Win32
		{A1D29828-0ED4-4227-8FB3-C0A2001A4D4B}.Release|x86.Build.0 = Release|Win32
		{C3999D9B-73BB-4AAF-BE2F-E6AD5D6B1628}.Debug|x64.ActiveCfg = Debug|x64
		{C3999D9B-73BB-4AAF-BE2F-E6AD5D6B1628}.Debug|x64.Build.0 = Debug|x64
		{C3999D9B-73BB-4AAF-BE2F-E6AD5D6B1628}.Debug|x86.ActiveCfg = Debug|Win32
		{C3999D9B-73BB-4AAF-BE2F-E6AD5D6B1628}.Debug|x86.Build.0 = Debug|Win32
		{C3999D9B-73BB-4AAF-BE2F-E6AD5D6B1628}.Release|x64.ActiveCfg = Release|x64
		{C3999D9B-73BB-4AAF-BE2F-E6AD5D6B1628}.Release|x64.Build.0 = Release|x64
		{C3999D9B-73BB-4AAF-BE2F-E6AD5D6B1628}.Release|x86.ActiveCfg = Release|Win32
		{C3999D9B-73BB-4AAF-BE2F-E6AD5D6B1628}.Release|x86.Build.0 = Release|Win32
		{000E0042-0131-4023-B2D8-87AA59C463CE}.Debug|x64.ActiveCfg = Debug|x64
		{000E0042-0131-4023-B2D8-87AA59C463CE}.Debug|x64.Build.0 = Debug|x64
		{000E0042-0131-4023-B2D8-87AA59C463CE}.Debug|x86.ActiveCfg = Debug|Win32
		{000E0042-0131-4023-B2D8-87AA59C463CE}.Debug|x86.Build.0 = Debug|Win32
		{000E0042-0131-4023-B2D8-87AA59C463CE}.Release|x64.ActiveCfg = Release|x64
		{000E0042-0131-4023-B2D8-87AA59C463CE}.Release|x64.Build.0 = Release|x64
		{000E0042-0131-4023-B2D8-87AA59C463CE}.Release|x86.ActiveCfg = Release|Win32
		{000E0042-0131-4023-B2D8-87AA59C463CE}.Release|x86.Build.0 = Release|Win32
		{B1D17791-CFC4-40ED-B175-7C84AEA83A7C}.Debug|x64.ActiveCfg = Debug|x64
		{B1D17791-CFC4-40ED-B175-7C84AEA83A7C}.Debug|x64.Build.0 = Debug|x64
		{B1D17791-CFC4-40ED-B175-7C84AEA83A7C}.Debug|x86.ActiveCfg = Debug|Win32
		{B1D17791-CFC4-40ED-B175-7C84AEA83A7C}.Debug|x86.Build.0 = Debug|Win32
		{B1D17791-CFC4-40ED-B175-7C84AEA83A7C}.Release|x64.ActiveCfg = Release|x64
		{B1D17791-CFC4-40ED-B175-7C84AEA83A7C}.Release|x64.Build.0 = Release|x64
		{B1D17791-CFC4-40ED-B175-7C84AEA83A7C}.Release|x86.ActiveCfg = Release|Win32
		{B1D17791-CFC4-40ED-B175-7C84AEA83A7C}.Release|x86.Build.0 = Release|Win32
		{3260F928-98ED-4D32-A7A8-43F240561301}.Debug|x64.ActiveCfg = Debug|x64
		{3260F928-98ED-4D32-A7A8-43F240561301}.Debug|x64.Build.0 = Debug|x64
		{3260F928-98ED-4D32-A7A8-43F240561301}.Debug|x86.ActiveCfg = Debug|Win32
		{3260F928-98ED-4D32-A7A8-43F240561301}.Debug|x86.Build.0 = Debug|Win32
		{3260F928-98ED-4D32-A7A8-43F240561301}.Release|x64.ActiveCfg = Release|x64
		{3260F928-98ED-4D32-A7A8-43F240561301}.Release|x64.Build.0 = Release|x64
		{3260F928-98ED-4D32-A7A8-43F240561301}.Release|x86.ActiveCfg = Release|Win32
		{3260F928-98ED-4D32-A7A8-43F240561301}.Release|x86.Build.0 = Release|Win32
	EndGlobalSection
	GlobalSection(SolutionProperties) = preSolution
		HideSolutionNode = FALSE
	EndGlobalSection
	GlobalSection(ExtensibilityGlobals) = postSolution
		SolutionGuid = {9516E8F7-FC46-4D5B-8A63-32E188C00E22}
	EndGlobalSection
EndGlobal
