
Microsoft Visual Studio Solution File, Format Version 12.00
# Visual Studio Version 17
VisualStudioVersion = 17.2.32526.322
MinimumVisualStudioVersion = 10.0.40219.1
Project("{8BC9CEB8-8B4A-11D0-8D11-00A0C91BC942}") = "HelloGit", "HelloGit\HelloGit.vcxproj", "{63357D76-2C27-41C0-95F4-81F4E24CE6B9}"
EndProject
Project("{8BC9CEB8-8B4A-11D0-8D11-00A0C91BC942}") = "AA1_1", "AA1_1\AA1_1.vcxproj", "{0F464998-2C30-4F7A-83BC-2A84B2799B99}"
EndProject
Project("{8BC9CEB8-8B4A-11D0-8D11-00A0C91BC942}") = "S1_S2_STL_vector", "S1_STL_vector\S1_STL_vector.vcxproj", "{981E8CFF-944B-4FED-B9E1-800D99EAFABE}"
EndProject
Project("{8BC9CEB8-8B4A-11D0-8D11-00A0C91BC942}") = "S2_STL_vector_exercise", "S2_STL_vector_exercise\S2_STL_vector_exercise.vcxproj", "{BC496629-8879-4208-BD4D-04A402C35157}"
EndProject
Project("{8BC9CEB8-8B4A-11D0-8D11-00A0C91BC942}") = "S3_review", "S3_\S3_.vcxproj", "{7BD97747-AAE9-4104-ABD5-F95675E98BC7}"
EndProject
Project("{8BC9CEB8-8B4A-11D0-8D11-00A0C91BC942}") = "AA1_03_AGameBoard", "AA1_03_AGameBoard\AA1_03_AGameBoard.vcxproj", "{CEBCFDA5-4DE2-4B93-9D56-813FCF8FB130}"
EndProject
Project("{8BC9CEB8-8B4A-11D0-8D11-00A0C91BC942}") = "S4_sortTypes", "S4_sort\S4_sort.vcxproj", "{8353BD43-082A-4A20-B3FF-6DAF412A80B6}"
EndProject
Project("{8BC9CEB8-8B4A-11D0-8D11-00A0C91BC942}") = "S5_MergeQuickHeapSort", "S5_mergeSort\S5_mergeSort.vcxproj", "{3627352A-5448-42B8-A1B2-BB248E4CB927}"
EndProject
Project("{8BC9CEB8-8B4A-11D0-8D11-00A0C91BC942}") = "AA1_04_GameLoop", "AA1_04_GameLoop\AA1_04_GameLoop.vcxproj", "{30097743-D5A0-48FF-AC32-02312742884B}"
EndProject
Project("{8BC9CEB8-8B4A-11D0-8D11-00A0C91BC942}") = "S6_EnumClass", "S6_EnumClass\S6_EnumClass.vcxproj", "{64F7BA84-C01E-4E95-8D32-D2D7DA06CB48}"
EndProject
Global
	GlobalSection(SolutionConfigurationPlatforms) = preSolution
		Debug|x64 = Debug|x64
		Debug|x86 = Debug|x86
		Release|x64 = Release|x64
		Release|x86 = Release|x86
	EndGlobalSection
	GlobalSection(ProjectConfigurationPlatforms) = postSolution
		{63357D76-2C27-41C0-95F4-81F4E24CE6B9}.Debug|x64.ActiveCfg = Debug|x64
		{63357D76-2C27-41C0-95F4-81F4E24CE6B9}.Debug|x64.Build.0 = Debug|x64
		{63357D76-2C27-41C0-95F4-81F4E24CE6B9}.Debug|x86.ActiveCfg = Debug|Win32
		{63357D76-2C27-41C0-95F4-81F4E24CE6B9}.Debug|x86.Build.0 = Debug|Win32
		{63357D76-2C27-41C0-95F4-81F4E24CE6B9}.Release|x64.ActiveCfg = Release|x64
		{63357D76-2C27-41C0-95F4-81F4E24CE6B9}.Release|x64.Build.0 = Release|x64
		{63357D76-2C27-41C0-95F4-81F4E24CE6B9}.Release|x86.ActiveCfg = Release|Win32
		{63357D76-2C27-41C0-95F4-81F4E24CE6B9}.Release|x86.Build.0 = Release|Win32
		{0F464998-2C30-4F7A-83BC-2A84B2799B99}.Debug|x64.ActiveCfg = Debug|x64
		{0F464998-2C30-4F7A-83BC-2A84B2799B99}.Debug|x64.Build.0 = Debug|x64
		{0F464998-2C30-4F7A-83BC-2A84B2799B99}.Debug|x86.ActiveCfg = Debug|Win32
		{0F464998-2C30-4F7A-83BC-2A84B2799B99}.Debug|x86.Build.0 = Debug|Win32
		{0F464998-2C30-4F7A-83BC-2A84B2799B99}.Release|x64.ActiveCfg = Release|x64
		{0F464998-2C30-4F7A-83BC-2A84B2799B99}.Release|x64.Build.0 = Release|x64
		{0F464998-2C30-4F7A-83BC-2A84B2799B99}.Release|x86.ActiveCfg = Release|Win32
		{0F464998-2C30-4F7A-83BC-2A84B2799B99}.Release|x86.Build.0 = Release|Win32
		{981E8CFF-944B-4FED-B9E1-800D99EAFABE}.Debug|x64.ActiveCfg = Debug|x64
		{981E8CFF-944B-4FED-B9E1-800D99EAFABE}.Debug|x64.Build.0 = Debug|x64
		{981E8CFF-944B-4FED-B9E1-800D99EAFABE}.Debug|x86.ActiveCfg = Debug|Win32
		{981E8CFF-944B-4FED-B9E1-800D99EAFABE}.Debug|x86.Build.0 = Debug|Win32
		{981E8CFF-944B-4FED-B9E1-800D99EAFABE}.Release|x64.ActiveCfg = Release|x64
		{981E8CFF-944B-4FED-B9E1-800D99EAFABE}.Release|x64.Build.0 = Release|x64
		{981E8CFF-944B-4FED-B9E1-800D99EAFABE}.Release|x86.ActiveCfg = Release|Win32
		{981E8CFF-944B-4FED-B9E1-800D99EAFABE}.Release|x86.Build.0 = Release|Win32
		{BC496629-8879-4208-BD4D-04A402C35157}.Debug|x64.ActiveCfg = Debug|x64
		{BC496629-8879-4208-BD4D-04A402C35157}.Debug|x64.Build.0 = Debug|x64
		{BC496629-8879-4208-BD4D-04A402C35157}.Debug|x86.ActiveCfg = Debug|Win32
		{BC496629-8879-4208-BD4D-04A402C35157}.Debug|x86.Build.0 = Debug|Win32
		{BC496629-8879-4208-BD4D-04A402C35157}.Release|x64.ActiveCfg = Release|x64
		{BC496629-8879-4208-BD4D-04A402C35157}.Release|x64.Build.0 = Release|x64
		{BC496629-8879-4208-BD4D-04A402C35157}.Release|x86.ActiveCfg = Release|Win32
		{BC496629-8879-4208-BD4D-04A402C35157}.Release|x86.Build.0 = Release|Win32
		{7BD97747-AAE9-4104-ABD5-F95675E98BC7}.Debug|x64.ActiveCfg = Debug|x64
		{7BD97747-AAE9-4104-ABD5-F95675E98BC7}.Debug|x64.Build.0 = Debug|x64
		{7BD97747-AAE9-4104-ABD5-F95675E98BC7}.Debug|x86.ActiveCfg = Debug|Win32
		{7BD97747-AAE9-4104-ABD5-F95675E98BC7}.Debug|x86.Build.0 = Debug|Win32
		{7BD97747-AAE9-4104-ABD5-F95675E98BC7}.Release|x64.ActiveCfg = Release|x64
		{7BD97747-AAE9-4104-ABD5-F95675E98BC7}.Release|x64.Build.0 = Release|x64
		{7BD97747-AAE9-4104-ABD5-F95675E98BC7}.Release|x86.ActiveCfg = Release|Win32
		{7BD97747-AAE9-4104-ABD5-F95675E98BC7}.Release|x86.Build.0 = Release|Win32
		{CEBCFDA5-4DE2-4B93-9D56-813FCF8FB130}.Debug|x64.ActiveCfg = Debug|x64
		{CEBCFDA5-4DE2-4B93-9D56-813FCF8FB130}.Debug|x64.Build.0 = Debug|x64
		{CEBCFDA5-4DE2-4B93-9D56-813FCF8FB130}.Debug|x86.ActiveCfg = Debug|Win32
		{CEBCFDA5-4DE2-4B93-9D56-813FCF8FB130}.Debug|x86.Build.0 = Debug|Win32
		{CEBCFDA5-4DE2-4B93-9D56-813FCF8FB130}.Release|x64.ActiveCfg = Release|x64
		{CEBCFDA5-4DE2-4B93-9D56-813FCF8FB130}.Release|x64.Build.0 = Release|x64
		{CEBCFDA5-4DE2-4B93-9D56-813FCF8FB130}.Release|x86.ActiveCfg = Release|Win32
		{CEBCFDA5-4DE2-4B93-9D56-813FCF8FB130}.Release|x86.Build.0 = Release|Win32
		{8353BD43-082A-4A20-B3FF-6DAF412A80B6}.Debug|x64.ActiveCfg = Debug|x64
		{8353BD43-082A-4A20-B3FF-6DAF412A80B6}.Debug|x64.Build.0 = Debug|x64
		{8353BD43-082A-4A20-B3FF-6DAF412A80B6}.Debug|x86.ActiveCfg = Debug|Win32
		{8353BD43-082A-4A20-B3FF-6DAF412A80B6}.Debug|x86.Build.0 = Debug|Win32
		{8353BD43-082A-4A20-B3FF-6DAF412A80B6}.Release|x64.ActiveCfg = Release|x64
		{8353BD43-082A-4A20-B3FF-6DAF412A80B6}.Release|x64.Build.0 = Release|x64
		{8353BD43-082A-4A20-B3FF-6DAF412A80B6}.Release|x86.ActiveCfg = Release|Win32
		{8353BD43-082A-4A20-B3FF-6DAF412A80B6}.Release|x86.Build.0 = Release|Win32
		{3627352A-5448-42B8-A1B2-BB248E4CB927}.Debug|x64.ActiveCfg = Debug|x64
		{3627352A-5448-42B8-A1B2-BB248E4CB927}.Debug|x64.Build.0 = Debug|x64
		{3627352A-5448-42B8-A1B2-BB248E4CB927}.Debug|x86.ActiveCfg = Debug|Win32
		{3627352A-5448-42B8-A1B2-BB248E4CB927}.Debug|x86.Build.0 = Debug|Win32
		{3627352A-5448-42B8-A1B2-BB248E4CB927}.Release|x64.ActiveCfg = Release|x64
		{3627352A-5448-42B8-A1B2-BB248E4CB927}.Release|x64.Build.0 = Release|x64
		{3627352A-5448-42B8-A1B2-BB248E4CB927}.Release|x86.ActiveCfg = Release|Win32
		{3627352A-5448-42B8-A1B2-BB248E4CB927}.Release|x86.Build.0 = Release|Win32
		{30097743-D5A0-48FF-AC32-02312742884B}.Debug|x64.ActiveCfg = Debug|x64
		{30097743-D5A0-48FF-AC32-02312742884B}.Debug|x64.Build.0 = Debug|x64
		{30097743-D5A0-48FF-AC32-02312742884B}.Debug|x86.ActiveCfg = Debug|Win32
		{30097743-D5A0-48FF-AC32-02312742884B}.Debug|x86.Build.0 = Debug|Win32
		{30097743-D5A0-48FF-AC32-02312742884B}.Release|x64.ActiveCfg = Release|x64
		{30097743-D5A0-48FF-AC32-02312742884B}.Release|x64.Build.0 = Release|x64
		{30097743-D5A0-48FF-AC32-02312742884B}.Release|x86.ActiveCfg = Release|Win32
		{30097743-D5A0-48FF-AC32-02312742884B}.Release|x86.Build.0 = Release|Win32
		{64F7BA84-C01E-4E95-8D32-D2D7DA06CB48}.Debug|x64.ActiveCfg = Debug|x64
		{64F7BA84-C01E-4E95-8D32-D2D7DA06CB48}.Debug|x64.Build.0 = Debug|x64
		{64F7BA84-C01E-4E95-8D32-D2D7DA06CB48}.Debug|x86.ActiveCfg = Debug|Win32
		{64F7BA84-C01E-4E95-8D32-D2D7DA06CB48}.Debug|x86.Build.0 = Debug|Win32
		{64F7BA84-C01E-4E95-8D32-D2D7DA06CB48}.Release|x64.ActiveCfg = Release|x64
		{64F7BA84-C01E-4E95-8D32-D2D7DA06CB48}.Release|x64.Build.0 = Release|x64
		{64F7BA84-C01E-4E95-8D32-D2D7DA06CB48}.Release|x86.ActiveCfg = Release|Win32
		{64F7BA84-C01E-4E95-8D32-D2D7DA06CB48}.Release|x86.Build.0 = Release|Win32
	EndGlobalSection
	GlobalSection(SolutionProperties) = preSolution
		HideSolutionNode = FALSE
	EndGlobalSection
	GlobalSection(ExtensibilityGlobals) = postSolution
		SolutionGuid = {9516E8F7-FC46-4D5B-8A63-32E188C00E22}
	EndGlobalSection
EndGlobal
